<?xml version="1.0" encoding="utf-8"?>
<Project ToolsVersion="4.0" xmlns="http://schemas.microsoft.com/developer/msbuild/2003">
  <ItemGroup>
    <Filter Include="Source Files">
      <UniqueIdentifier>{4FC737F1-C7A5-4376-A066-2A32D752A2FF}</UniqueIdentifier>
      <Extensions>cpp;c;cc;cxx;def;odl;idl;hpj;bat;asm;asmx</Extensions>
    </Filter>
    <Filter Include="Header Files">
      <UniqueIdentifier>{93995380-89BD-4b04-88EB-625FBE52EBFB}</UniqueIdentifier>
      <Extensions>h;hh;hpp;hxx;hm;inl;inc;ipp;xsd</Extensions>
    </Filter>
    <Filter Include="Resource Files">
      <UniqueIdentifier>{67DA6AB6-F800-4c08-8B7A-83BB121AAD01}</UniqueIdentifier>
      <Extensions>rc;ico;cur;bmp;dlg;rc2;rct;bin;rgs;gif;jpg;jpeg;jpe;resx;tiff;tif;png;wav;mfcribbon-ms</Extensions>
    </Filter>
  </ItemGroup>
  <ItemGroup>
    <ClCompile Include="dllmain.c">
      <Filter>Source Files</Filter>
    </ClCompile>
    <ClCompile Include="AccessCode.c">
      <Filter>Source Files</Filter>
    </ClCompile>
    <ClCompile Include="AimeCampaign.c">
      <Filter>Source Files</Filter>
    </ClCompile>
    <ClCompile Include="AimeErrorInfo.c">
      <Filter>Source Files</Filter>
    </ClCompile>
    <ClCompile Include="AimeId.c">
      <Filter>Source Files</Filter>
    </ClCompile>
    <ClCompile Include="AimeOfflineId.c">
      <Filter>Source Files</Filter>
    </ClCompile>
    <ClCompile Include="AimePay.c">
      <Filter>Source Files</Filter>
    </ClCompile>
    <ClCompile Include="AimePayDealResult.c">
      <Filter>Source Files</Filter>
    </ClCompile>
    <ClCompile Include="AimePayLocationInfo.c">
      <Filter>Source Files</Filter>
    </ClCompile>
    <ClCompile Include="AimePayOperation.c">
      <Filter>Source Files</Filter>
    </ClCompile>
    <ClCompile Include="AimeResult.c">
      <Filter>Source Files</Filter>
    </ClCompile>
    <ClCompile Include="AimePayDealSummary.c">
      <Filter>Source Files</Filter>
    </ClCompile>
    <ClCompile Include="AimeUnit.c">
      <Filter>Source Files</Filter>
    </ClCompile>
    <ClCompile Include="Aime.c">
      <Filter>Source Files</Filter>
    </ClCompile>
    <ClCompile Include="Analog.c">
      <Filter>Source Files</Filter>
    </ClCompile>
    <ClCompile Include="Apm.c">
      <Filter>Source Files</Filter>
    </ClCompile>
    <ClCompile Include="AppImage.c">
      <Filter>Source Files</Filter>
    </ClCompile>
    <ClCompile Include="Backup.c">
      <Filter>Source Files</Filter>
    </ClCompile>
    <ClCompile Include="BoardIO.c">
      <Filter>Source Files</Filter>
    </ClCompile>
    <ClCompile Include="CanAck.c">
      <Filter>Source Files</Filter>
    </ClCompile>
    <ClCompile Include="CanPort.c">
      <Filter>Source Files</Filter>
    </ClCompile>
    <ClCompile Include="CanTargetProperty.c">
      <Filter>Source Files</Filter>
    </ClCompile>
    <ClCompile Include="CanTarget.c">
      <Filter>Source Files</Filter>
    </ClCompile>
    <ClCompile Include="Can.c">
      <Filter>Source Files</Filter>
    </ClCompile>
    <ClCompile Include="Core.c">
      <Filter>Source Files</Filter>
    </ClCompile>
    <ClCompile Include="log.c">
      <Filter>Source Files</Filter>
    </ClCompile>
    <ClCompile Include="CreditBookkeeping.c">
      <Filter>Source Files</Filter>
    </ClCompile>
    <ClCompile Include="CreditConfig.c">
      <Filter>Source Files</Filter>
    </ClCompile>
    <ClCompile Include="CreditSpecialDevice.c">
      <Filter>Source Files</Filter>
    </ClCompile>
    <ClCompile Include="CreditUnit.c">
      <Filter>Source Files</Filter>
    </ClCompile>
    <ClCompile Include="Credit.c">
      <Filter>Source Files</Filter>
    </ClCompile>
    <ClCompile Include="EMoneyBrand.c">
      <Filter>Source Files</Filter>
    </ClCompile>
    <ClCompile Include="EMoneyOperation.c">
      <Filter>Source Files</Filter>
    </ClCompile>
    <ClCompile Include="Sequence.c">
      <Filter>Source Files</Filter>
    </ClCompile>
    <ClCompile Include="EMoneyReport.c">
      <Filter>Source Files</Filter>
    </ClCompile>
    <ClCompile Include="SequenceBookkeeping.c">
      <Filter>Source Files</Filter>
    </ClCompile>
    <ClCompile Include="Version.c">
      <Filter>Source Files</Filter>
    </ClCompile>
    <ClCompile Include="EMoney.c">
      <Filter>Source Files</Filter>
    </ClCompile>
    <ClCompile Include="System.c">
      <Filter>Source Files</Filter>
    </ClCompile>
    <ClCompile Include="SerialId.c">
      <Filter>Source Files</Filter>
    </ClCompile>
    <ClCompile Include="ErrorInfo.c">
      <Filter>Source Files</Filter>
    </ClCompile>
    <ClCompile Include="ErrorLog.c">
      <Filter>Source Files</Filter>
    </ClCompile>
    <ClCompile Include="ErrorTimesItem.c">
      <Filter>Source Files</Filter>
    </ClCompile>
    <ClCompile Include="Error.c">
      <Filter>Source Files</Filter>
    </ClCompile>
    <ClCompile Include="Exception.c">
      <Filter>Source Files</Filter>
    </ClCompile>
    <ClCompile Include="FeliCaId.c">
      <Filter>Source Files</Filter>
    </ClCompile>
    <ClCompile Include="InputUnit.c">
      <Filter>Source Files</Filter>
    </ClCompile>
    <ClCompile Include="Input.c">
      <Filter>Source Files</Filter>
    </ClCompile>
    <ClCompile Include="LanInstall.c">
      <Filter>Source Files</Filter>
    </ClCompile>
    <ClCompile Include="JvsAnalogInput.c">
      <Filter>Source Files</Filter>
    </ClCompile>
    <ClCompile Include="JvsGeneralOutput.c">
      <Filter>Source Files</Filter>
    </ClCompile>
    <ClCompile Include="JvsNode.c">
      <Filter>Source Files</Filter>
    </ClCompile>
    <ClCompile Include="JvsRotaryInput.c">
      <Filter>Source Files</Filter>
    </ClCompile>
    <ClCompile Include="JvsSwitchInput.c">
      <Filter>Source Files</Filter>
    </ClCompile>
    <ClCompile Include="Jvs.c">
      <Filter>Source Files</Filter>
    </ClCompile>
    <ClCompile Include="SwitchInput.c">
      <Filter>Source Files</Filter>
    </ClCompile>
    <ClCompile Include="SwitchOutput.c">
      <Filter>Source Files</Filter>
    </ClCompile>
    <ClCompile Include="TestResult.c">
      <Filter>Source Files</Filter>
    </ClCompile>
    <ClCompile Include="TimeHistogramItem.c">
      <Filter>Source Files</Filter>
    </ClCompile>
    <ClCompile Include="NetDeliveryAppImageInfo.c">
      <Filter>Source Files</Filter>
    </ClCompile>
    <ClCompile Include="NetDeliveryOptionImageInfo.c">
      <Filter>Source Files</Filter>
    </ClCompile>
    <ClCompile Include="NetDeliveryProgress.c">
      <Filter>Source Files</Filter>
    </ClCompile>
    <ClCompile Include="NetDeliveryStatus.c">
      <Filter>Source Files</Filter>
    </ClCompile>
    <ClCompile Include="NetDeliveryTimeInfo.c">
      <Filter>Source Files</Filter>
    </ClCompile>
    <ClCompile Include="NetDelivery.c">
      <Filter>Source Files</Filter>
    </ClCompile>
    <ClCompile Include="NetworkProperty.c">
      <Filter>Source Files</Filter>
    </ClCompile>
    <ClCompile Include="NetworkTestInfo.c">
      <Filter>Source Files</Filter>
    </ClCompile>
    <ClCompile Include="NetworkTestItem.c">
      <Filter>Source Files</Filter>
    </ClCompile>
    <ClCompile Include="Network.c">
      <Filter>Source Files</Filter>
    </ClCompile>
    <ClCompile Include="OptionImageInfo.c">
      <Filter>Source Files</Filter>
    </ClCompile>
    <ClCompile Include="OutputUnit.c">
      <Filter>Source Files</Filter>
    </ClCompile>
    <ClCompile Include="Output.c">
      <Filter>Source Files</Filter>
    </ClCompile>
    <ClCompile Include="RequestState.c">
      <Filter>Source Files</Filter>
    </ClCompile>
    <ClCompile Include="Resolution.c">
      <Filter>Source Files</Filter>
    </ClCompile>
    <ClCompile Include="UsbDevice.c">
      <Filter>Source Files</Filter>
    </ClCompile>
    <ClCompile Include="allnet_AccountingPlayCountItem.c">
      <Filter>Source Files</Filter>
    </ClCompile>
    <ClCompile Include="allnet_AccountingUnit.c">
      <Filter>Source Files</Filter>
    </ClCompile>
    <ClCompile Include="allnet_Accounting.c">
      <Filter>Source Files</Filter>
    </ClCompile>
    <ClCompile Include="allnet_Auth.c">
      <Filter>Source Files</Filter>
    </ClCompile>
    <ClCompile Include="allnet_WiFiUnit.c">
      <Filter>Source Files</Filter>
    </ClCompile>
    <ClCompile Include="allnet_WiFi.c">
      <Filter>Source Files</Filter>
    </ClCompile>
    <ClCompile Include="EMoneyResult.c">
      <Filter>Source Files</Filter>
    </ClCompile>
  </ItemGroup>
  <ItemGroup>
    <ClInclude Include="log.h">
      <Filter>Header Files</Filter>
    </ClInclude>
  </ItemGroup>
  <ItemGroup>
    <None Include="Source.def">
      <Filter>Resource Files</Filter>
    </None>
  </ItemGroup>
</Project>